
Microsoft Visual Studio Solution File, Format Version 12.00
# Visual Studio Version 17
VisualStudioVersion = 17.7.34221.43
MinimumVisualStudioVersion = 10.0.40219.1
Project("{FAE04EC0-301F-11D3-BF4B-00C04F79EFBC}") = "C#_project", "C#_project\C#_project.csproj", "{400C60FB-E066-4FEB-8E38-94F2AC539B21}"
EndProject
Global
	GlobalSection(SolutionConfigurationPlatforms) = preSolution
		Debug|Any CPU = Debug|Any CPU
		Release|Any CPU = Release|Any CPU
	EndGlobalSection
	GlobalSection(ProjectConfigurationPlatforms) = postSolution
		{400C60FB-E066-4FEB-8E38-94F2AC539B21}.Debug|Any CPU.ActiveCfg = Debug|Any CPU
		{400C60FB-E066-4FEB-8E38-94F2AC539B21}.Debug|Any CPU.Build.0 = Debug|Any CPU
		{400C60FB-E066-4FEB-8E38-94F2AC539B21}.Release|Any CPU.ActiveCfg = Release|Any CPU
		{400C60FB-E066-4FEB-8E38-94F2AC539B21}.Release|Any CPU.Build.0 = Release|Any CPU
	EndGlobalSection
	GlobalSection(SolutionProperties) = preSolution
		HideSolutionNode = FALSE
	EndGlobalSection
	GlobalSection(ExtensibilityGlobals) = postSolution
		SolutionGuid = {6650D175-E06A-4004-8FFD-6B17D4E93EC4}
	EndGlobalSection
EndGlobal
